
Microsoft Visual Studio Solution File, Format Version 12.00
# Visual Studio Version 16
VisualStudioVersion = 16.0.30621.155
MinimumVisualStudioVersion = 10.0.40219.1
Project("{FAE04EC0-301F-11D3-BF4B-00C04F79EFBC}") = "WebApplicationTwitterV1", "WebApplicationTwitterV1.csproj", "{11455BD6-D8D9-46B3-99C9-C912616B6ACB}"
EndProject
Global
	GlobalSection(SolutionConfigurationPlatforms) = preSolution
		Debug|Any CPU = Debug|Any CPU
		Release|Any CPU = Release|Any CPU
	EndGlobalSection
	GlobalSection(ProjectConfigurationPlatforms) = postSolution
		{11455BD6-D8D9-46B3-99C9-C912616B6ACB}.Debug|Any CPU.ActiveCfg = Debug|Any CPU
		{11455BD6-D8D9-46B3-99C9-C912616B6ACB}.Debug|Any CPU.Build.0 = Debug|Any CPU
		{11455BD6-D8D9-46B3-99C9-C912616B6ACB}.Release|Any CPU.ActiveCfg = Release|Any CPU
		{11455BD6-D8D9-46B3-99C9-C912616B6ACB}.Release|Any CPU.Build.0 = Release|Any CPU
	EndGlobalSection
	GlobalSection(SolutionProperties) = preSolution
		HideSolutionNode = FALSE
	EndGlobalSection
	GlobalSection(ExtensibilityGlobals) = postSolution
		SolutionGuid = {A2CC3151-7166-457A-90C8-D901B858AB06}
	EndGlobalSection
EndGlobal
